
Microsoft Visual Studio Solution File, Format Version 12.00
# Visual Studio Version 16
VisualStudioVersion = 16.0.31729.503
MinimumVisualStudioVersion = 10.0.40219.1
Project("{FAE04EC0-301F-11D3-BF4B-00C04F79EFBC}") = "Producer", "Producer\Producer.csproj", "{7799EC17-8F6D-427D-A910-811B6426FDD4}"
EndProject
Global
	GlobalSection(SolutionConfigurationPlatforms) = preSolution
		Debug|Any CPU = Debug|Any CPU
		Release|Any CPU = Release|Any CPU
	EndGlobalSection
	GlobalSection(ProjectConfigurationPlatforms) = postSolution
		{7799EC17-8F6D-427D-A910-811B6426FDD4}.Debug|Any CPU.ActiveCfg = Debug|Any CPU
		{7799EC17-8F6D-427D-A910-811B6426FDD4}.Debug|Any CPU.Build.0 = Debug|Any CPU
		{7799EC17-8F6D-427D-A910-811B6426FDD4}.Release|Any CPU.ActiveCfg = Release|Any CPU
		{7799EC17-8F6D-427D-A910-811B6426FDD4}.Release|Any CPU.Build.0 = Release|Any CPU
	EndGlobalSection
	GlobalSection(SolutionProperties) = preSolution
		HideSolutionNode = FALSE
	EndGlobalSection
	GlobalSection(ExtensibilityGlobals) = postSolution
		SolutionGuid = {42D20950-3CBD-4800-B9FA-2D6A15EA4A39}
	EndGlobalSection
EndGlobal
